
Microsoft Visual Studio Solution File, Format Version 12.00
# Visual Studio Version 17
VisualStudioVersion = 17.1.31903.286
MinimumVisualStudioVersion = 10.0.40219.1
Project("{9A19103F-16F7-4668-BE54-9A1E7A4F7556}") = "Spinit.CosmosDb", "Spinit.CosmosDb\Spinit.CosmosDb.csproj", "{40EC2E59-8CA4-4E33-B884-1DF26E42B378}"
EndProject
Project("{2150E333-8FDC-42A3-9474-1A3956D46DE8}") = "Test", "Test", "{0000B1BF-A65B-4511-BE47-F4A8CDE354B1}"
EndProject
Project("{9A19103F-16F7-4668-BE54-9A1E7A4F7556}") = "Spinit.CosmosDb.UnitTests", "Spinit.CosmosDb.UnitTests\Spinit.CosmosDb.UnitTests.csproj", "{0697924C-A5EB-484B-94F5-FA25DFAABB6E}"
EndProject
Project("{2150E333-8FDC-42A3-9474-1A3956D46DE8}") = "Examples", "Examples", "{49AB98E1-F6A6-46A0-87C1-53E0DD38EDD3}"
EndProject
Project("{2150E333-8FDC-42A3-9474-1A3956D46DE8}") = "TodoApi", "TodoApi", "{92696A13-98F7-4B6D-BF63-90B25AC37344}"
EndProject
Project("{9A19103F-16F7-4668-BE54-9A1E7A4F7556}") = "TodoApi", "Examples\TodoApi\TodoApi.csproj", "{8E61C596-01C7-4698-B326-485B1C9E7020}"
EndProject
Project("{9A19103F-16F7-4668-BE54-9A1E7A4F7556}") = "Spinit.CosmosDb.FunctionalTests", "Spinit.CosmosDb.FunctionalTests\Spinit.CosmosDb.FunctionalTests.csproj", "{0D78AA6C-0471-430B-8985-B3875C0D8B04}"
EndProject
Project("{2150E333-8FDC-42A3-9474-1A3956D46DE8}") = "Solution Items", "Solution Items", "{DA8893A5-1795-4294-9234-A47E55996BB7}"
	ProjectSection(SolutionItems) = preProject
		.github\workflows\build-and-test.yml = .github\workflows\build-and-test.yml
	EndProjectSection
EndProject
Global
	GlobalSection(SolutionConfigurationPlatforms) = preSolution
		Debug|Any CPU = Debug|Any CPU
		Release|Any CPU = Release|Any CPU
	EndGlobalSection
	GlobalSection(ProjectConfigurationPlatforms) = postSolution
		{40EC2E59-8CA4-4E33-B884-1DF26E42B378}.Debug|Any CPU.ActiveCfg = Debug|Any CPU
		{40EC2E59-8CA4-4E33-B884-1DF26E42B378}.Debug|Any CPU.Build.0 = Debug|Any CPU
		{40EC2E59-8CA4-4E33-B884-1DF26E42B378}.Release|Any CPU.ActiveCfg = Release|Any CPU
		{40EC2E59-8CA4-4E33-B884-1DF26E42B378}.Release|Any CPU.Build.0 = Release|Any CPU
		{0697924C-A5EB-484B-94F5-FA25DFAABB6E}.Debug|Any CPU.ActiveCfg = Debug|Any CPU
		{0697924C-A5EB-484B-94F5-FA25DFAABB6E}.Debug|Any CPU.Build.0 = Debug|Any CPU
		{0697924C-A5EB-484B-94F5-FA25DFAABB6E}.Release|Any CPU.ActiveCfg = Release|Any CPU
		{0697924C-A5EB-484B-94F5-FA25DFAABB6E}.Release|Any CPU.Build.0 = Release|Any CPU
		{8E61C596-01C7-4698-B326-485B1C9E7020}.Debug|Any CPU.ActiveCfg = Debug|Any CPU
		{8E61C596-01C7-4698-B326-485B1C9E7020}.Debug|Any CPU.Build.0 = Debug|Any CPU
		{8E61C596-01C7-4698-B326-485B1C9E7020}.Release|Any CPU.ActiveCfg = Release|Any CPU
		{8E61C596-01C7-4698-B326-485B1C9E7020}.Release|Any CPU.Build.0 = Release|Any CPU
		{0D78AA6C-0471-430B-8985-B3875C0D8B04}.Debug|Any CPU.ActiveCfg = Debug|Any CPU
		{0D78AA6C-0471-430B-8985-B3875C0D8B04}.Debug|Any CPU.Build.0 = Debug|Any CPU
		{0D78AA6C-0471-430B-8985-B3875C0D8B04}.Release|Any CPU.ActiveCfg = Release|Any CPU
		{0D78AA6C-0471-430B-8985-B3875C0D8B04}.Release|Any CPU.Build.0 = Release|Any CPU
	EndGlobalSection
	GlobalSection(SolutionProperties) = preSolution
		HideSolutionNode = FALSE
	EndGlobalSection
	GlobalSection(NestedProjects) = preSolution
		{0697924C-A5EB-484B-94F5-FA25DFAABB6E} = {0000B1BF-A65B-4511-BE47-F4A8CDE354B1}
		{92696A13-98F7-4B6D-BF63-90B25AC37344} = {49AB98E1-F6A6-46A0-87C1-53E0DD38EDD3}
		{8E61C596-01C7-4698-B326-485B1C9E7020} = {92696A13-98F7-4B6D-BF63-90B25AC37344}
		{0D78AA6C-0471-430B-8985-B3875C0D8B04} = {0000B1BF-A65B-4511-BE47-F4A8CDE354B1}
	EndGlobalSection
	GlobalSection(ExtensibilityGlobals) = postSolution
		SolutionGuid = {7EFC6537-EC59-4A1B-9DAB-6C6CE92A7C4A}
	EndGlobalSection
EndGlobal
